// !$*UTF8*$!
{
	archiveVersion = 1;
	classes = {
	};
	objectVersion = 51;
	objects = {

/* Begin PBXBuildFile section */
		A2D6C14A22D3F666001EB5D1 /* AppDelegate.m in Sources */ = {isa = PBXBuildFile; fileRef = A2D6C14922D3F666001EB5D1 /* AppDelegate.m */; };
		A2D6C15022D3F666001EB5D1 /* Main.storyboard in Resources */ = {isa = PBXBuildFile; fileRef = A2D6C14E22D3F666001EB5D1 /* Main.storyboard */; };
		A2D6C15222D3F667001EB5D1 /* Assets.xcassets in Resources */ = {isa = PBXBuildFile; fileRef = A2D6C15122D3F667001EB5D1 /* Assets.xcassets */; };
		A2D6C15522D3F667001EB5D1 /* LaunchScreen.storyboard in Resources */ = {isa = PBXBuildFile; fileRef = A2D6C15322D3F667001EB5D1 /* LaunchScreen.storyboard */; };
		A2D6C15822D3F667001EB5D1 /* main.m in Sources */ = {isa = PBXBuildFile; fileRef = A2D6C15722D3F667001EB5D1 /* main.m */; };
		A2D6C16222D3F667001EB5D1 /* mockagramTests.m in Sources */ = {isa = PBXBuildFile; fileRef = A2D6C16122D3F667001EB5D1 /* mockagramTests.m */; };
		A2D6C16D22D3F667001EB5D1 /* mockagramUITests.m in Sources */ = {isa = PBXBuildFile; fileRef = A2D6C16C22D3F667001EB5D1 /* mockagramUITests.m */; };
		A2D6C17E22D4184F001EB5D1 /* LoginViewController.m in Sources */ = {isa = PBXBuildFile; fileRef = A2D6C17D22D4184F001EB5D1 /* LoginViewController.m */; };
		A2D6C18122D41948001EB5D1 /* NewAccountViewController.m in Sources */ = {isa = PBXBuildFile; fileRef = A2D6C18022D41948001EB5D1 /* NewAccountViewController.m */; };
		A2D6C18422D41B54001EB5D1 /* FeedViewController.m in Sources */ = {isa = PBXBuildFile; fileRef = A2D6C18322D41B54001EB5D1 /* FeedViewController.m */; };
		B372231E2EB096E5F026C68C /* Pods_mockagram.framework in Frameworks */ = {isa = PBXBuildFile; fileRef = AA0C923FD223BD14DD0A975C /* Pods_mockagram.framework */; };
		D24BA957480AD882231C06AD /* Pods_mockagramUITests.framework in Frameworks */ = {isa = PBXBuildFile; fileRef = 968D7A2060A68EC17F6CF607 /* Pods_mockagramUITests.framework */; };
		F0FFF7BA9A0606A4F45F4448 /* Pods_mockagramTests.framework in Frameworks */ = {isa = PBXBuildFile; fileRef = 0057BA9A46B9F35CD0AC9876 /* Pods_mockagramTests.framework */; };
/* End PBXBuildFile section */

/* Begin PBXContainerItemProxy section */
		A2D6C15E22D3F667001EB5D1 /* PBXContainerItemProxy */ = {
			isa = PBXContainerItemProxy;
			containerPortal = A2D6C13D22D3F666001EB5D1 /* Project object */;
			proxyType = 1;
			remoteGlobalIDString = A2D6C14422D3F666001EB5D1;
			remoteInfo = mockagram;
		};
		A2D6C16922D3F667001EB5D1 /* PBXContainerItemProxy */ = {
			isa = PBXContainerItemProxy;
			containerPortal = A2D6C13D22D3F666001EB5D1 /* Project object */;
			proxyType = 1;
			remoteGlobalIDString = A2D6C14422D3F666001EB5D1;
			remoteInfo = mockagram;
		};
/* End PBXContainerItemProxy section */

/* Begin PBXFileReference section */
		0057BA9A46B9F35CD0AC9876 /* Pods_mockagramTests.framework */ = {isa = PBXFileReference; explicitFileType = wrapper.framework; includeInIndex = 0; path = Pods_mockagramTests.framework; sourceTree = BUILT_PRODUCTS_DIR; };
		8391628737F370B27E2837E2 /* Pods-mockagramUITests.debug.xcconfig */ = {isa = PBXFileReference; includeInIndex = 1; lastKnownFileType = text.xcconfig; name = "Pods-mockagramUITests.debug.xcconfig"; path = "Target Support Files/Pods-mockagramUITests/Pods-mockagramUITests.debug.xcconfig"; sourceTree = "<group>"; };
		855FB0CC8D8EE99FB7691916 /* Pods-mockagram.release.xcconfig */ = {isa = PBXFileReference; includeInIndex = 1; lastKnownFileType = text.xcconfig; name = "Pods-mockagram.release.xcconfig"; path = "Target Support Files/Pods-mockagram/Pods-mockagram.release.xcconfig"; sourceTree = "<group>"; };
		968D7A2060A68EC17F6CF607 /* Pods_mockagramUITests.framework */ = {isa = PBXFileReference; explicitFileType = wrapper.framework; includeInIndex = 0; path = Pods_mockagramUITests.framework; sourceTree = BUILT_PRODUCTS_DIR; };
		A2D6C14522D3F666001EB5D1 /* mockagram.app */ = {isa = PBXFileReference; explicitFileType = wrapper.application; includeInIndex = 0; path = mockagram.app; sourceTree = BUILT_PRODUCTS_DIR; };
		A2D6C14822D3F666001EB5D1 /* AppDelegate.h */ = {isa = PBXFileReference; lastKnownFileType = sourcecode.c.h; path = AppDelegate.h; sourceTree = "<group>"; };
		A2D6C14922D3F666001EB5D1 /* AppDelegate.m */ = {isa = PBXFileReference; lastKnownFileType = sourcecode.c.objc; path = AppDelegate.m; sourceTree = "<group>"; };
		A2D6C14F22D3F666001EB5D1 /* Base */ = {isa = PBXFileReference; lastKnownFileType = file.storyboard; name = Base; path = Base.lproj/Main.storyboard; sourceTree = "<group>"; };
		A2D6C15122D3F667001EB5D1 /* Assets.xcassets */ = {isa = PBXFileReference; lastKnownFileType = folder.assetcatalog; path = Assets.xcassets; sourceTree = "<group>"; };
		A2D6C15422D3F667001EB5D1 /* Base */ = {isa = PBXFileReference; lastKnownFileType = file.storyboard; name = Base; path = Base.lproj/LaunchScreen.storyboard; sourceTree = "<group>"; };
		A2D6C15622D3F667001EB5D1 /* Info.plist */ = {isa = PBXFileReference; lastKnownFileType = text.plist.xml; path = Info.plist; sourceTree = "<group>"; };
		A2D6C15722D3F667001EB5D1 /* main.m */ = {isa = PBXFileReference; lastKnownFileType = sourcecode.c.objc; path = main.m; sourceTree = "<group>"; };
		A2D6C15D22D3F667001EB5D1 /* mockagramTests.xctest */ = {isa = PBXFileReference; explicitFileType = wrapper.cfbundle; includeInIndex = 0; path = mockagramTests.xctest; sourceTree = BUILT_PRODUCTS_DIR; };
		A2D6C16122D3F667001EB5D1 /* mockagramTests.m */ = {isa = PBXFileReference; lastKnownFileType = sourcecode.c.objc; path = mockagramTests.m; sourceTree = "<group>"; };
		A2D6C16322D3F667001EB5D1 /* Info.plist */ = {isa = PBXFileReference; lastKnownFileType = text.plist.xml; path = Info.plist; sourceTree = "<group>"; };
		A2D6C16822D3F667001EB5D1 /* mockagramUITests.xctest */ = {isa = PBXFileReference; explicitFileType = wrapper.cfbundle; includeInIndex = 0; path = mockagramUITests.xctest; sourceTree = BUILT_PRODUCTS_DIR; };
		A2D6C16C22D3F667001EB5D1 /* mockagramUITests.m */ = {isa = PBXFileReference; lastKnownFileType = sourcecode.c.objc; path = mockagramUITests.m; sourceTree = "<group>"; };
		A2D6C16E22D3F667001EB5D1 /* Info.plist */ = {isa = PBXFileReference; lastKnownFileType = text.plist.xml; path = Info.plist; sourceTree = "<group>"; };
		A2D6C17C22D4184F001EB5D1 /* LoginViewController.h */ = {isa = PBXFileReference; lastKnownFileType = sourcecode.c.h; path = LoginViewController.h; sourceTree = "<group>"; };
		A2D6C17D22D4184F001EB5D1 /* LoginViewController.m */ = {isa = PBXFileReference; lastKnownFileType = sourcecode.c.objc; path = LoginViewController.m; sourceTree = "<group>"; };
		A2D6C17F22D41948001EB5D1 /* NewAccountViewController.h */ = {isa = PBXFileReference; lastKnownFileType = sourcecode.c.h; path = NewAccountViewController.h; sourceTree = "<group>"; };
		A2D6C18022D41948001EB5D1 /* NewAccountViewController.m */ = {isa = PBXFileReference; lastKnownFileType = sourcecode.c.objc; path = NewAccountViewController.m; sourceTree = "<group>"; };
		A2D6C18222D41B54001EB5D1 /* FeedViewController.h */ = {isa = PBXFileReference; lastKnownFileType = sourcecode.c.h; path = FeedViewController.h; sourceTree = "<group>"; };
		A2D6C18322D41B54001EB5D1 /* FeedViewController.m */ = {isa = PBXFileReference; lastKnownFileType = sourcecode.c.objc; path = FeedViewController.m; sourceTree = "<group>"; };
		A5A803CB7C2BA6D4569463A7 /* Pods-mockagramUITests.release.xcconfig */ = {isa = PBXFileReference; includeInIndex = 1; lastKnownFileType = text.xcconfig; name = "Pods-mockagramUITests.release.xcconfig"; path = "Target Support Files/Pods-mockagramUITests/Pods-mockagramUITests.release.xcconfig"; sourceTree = "<group>"; };
		AA0C923FD223BD14DD0A975C /* Pods_mockagram.framework */ = {isa = PBXFileReference; explicitFileType = wrapper.framework; includeInIndex = 0; path = Pods_mockagram.framework; sourceTree = BUILT_PRODUCTS_DIR; };
		EDFCAD55FBEDBB28B4DE9B11 /* Pods-mockagramTests.debug.xcconfig */ = {isa = PBXFileReference; includeInIndex = 1; lastKnownFileType = text.xcconfig; name = "Pods-mockagramTests.debug.xcconfig"; path = "Target Support Files/Pods-mockagramTests/Pods-mockagramTests.debug.xcconfig"; sourceTree = "<group>"; };
		F64343A4ECC917251B207997 /* Pods-mockagramTests.release.xcconfig */ = {isa = PBXFileReference; includeInIndex = 1; lastKnownFileType = text.xcconfig; name = "Pods-mockagramTests.release.xcconfig"; path = "Target Support Files/Pods-mockagramTests/Pods-mockagramTests.release.xcconfig"; sourceTree = "<group>"; };
		F6A90444B67BBD7ECDC9A071 /* Pods-mockagram.debug.xcconfig */ = {isa = PBXFileReference; includeInIndex = 1; lastKnownFileType = text.xcconfig; name = "Pods-mockagram.debug.xcconfig"; path = "Target Support Files/Pods-mockagram/Pods-mockagram.debug.xcconfig"; sourceTree = "<group>"; };
/* End PBXFileReference section */

/* Begin PBXFrameworksBuildPhase section */
		A2D6C14222D3F666001EB5D1 /* Frameworks */ = {
			isa = PBXFrameworksBuildPhase;
			buildActionMask = 2147483647;
			files = (
				B372231E2EB096E5F026C68C /* Pods_mockagram.framework in Frameworks */,
			);
			runOnlyForDeploymentPostprocessing = 0;
		};
		A2D6C15A22D3F667001EB5D1 /* Frameworks */ = {
			isa = PBXFrameworksBuildPhase;
			buildActionMask = 2147483647;
			files = (
				F0FFF7BA9A0606A4F45F4448 /* Pods_mockagramTests.framework in Frameworks */,
			);
			runOnlyForDeploymentPostprocessing = 0;
		};
		A2D6C16522D3F667001EB5D1 /* Frameworks */ = {
			isa = PBXFrameworksBuildPhase;
			buildActionMask = 2147483647;
			files = (
				D24BA957480AD882231C06AD /* Pods_mockagramUITests.framework in Frameworks */,
			);
			runOnlyForDeploymentPostprocessing = 0;
		};
/* End PBXFrameworksBuildPhase section */

/* Begin PBXGroup section */
		A2D6C13C22D3F666001EB5D1 = {
			isa = PBXGroup;
			children = (
				A2D6C14722D3F666001EB5D1 /* mockagram */,
				A2D6C16022D3F667001EB5D1 /* mockagramTests */,
				A2D6C16B22D3F667001EB5D1 /* mockagramUITests */,
				A2D6C14622D3F666001EB5D1 /* Products */,
				A72C7789975DF445B99314B9 /* Pods */,
				BC3DBAD74742F9F6726311B2 /* Frameworks */,
			);
			sourceTree = "<group>";
		};
		A2D6C14622D3F666001EB5D1 /* Products */ = {
			isa = PBXGroup;
			children = (
				A2D6C14522D3F666001EB5D1 /* mockagram.app */,
				A2D6C15D22D3F667001EB5D1 /* mockagramTests.xctest */,
				A2D6C16822D3F667001EB5D1 /* mockagramUITests.xctest */,
			);
			name = Products;
			sourceTree = "<group>";
		};
		A2D6C14722D3F666001EB5D1 /* mockagram */ = {
			isa = PBXGroup;
			children = (
				A2D6C17B22D4183A001EB5D1 /* Views */,
				A2D6C17A22D41833001EB5D1 /* View Controllers */,
				A2D6C14822D3F666001EB5D1 /* AppDelegate.h */,
				A2D6C14922D3F666001EB5D1 /* AppDelegate.m */,
				A2D6C14E22D3F666001EB5D1 /* Main.storyboard */,
				A2D6C15122D3F667001EB5D1 /* Assets.xcassets */,
				A2D6C15322D3F667001EB5D1 /* LaunchScreen.storyboard */,
				A2D6C15622D3F667001EB5D1 /* Info.plist */,
				A2D6C15722D3F667001EB5D1 /* main.m */,
			);
			path = mockagram;
			sourceTree = "<group>";
		};
		A2D6C16022D3F667001EB5D1 /* mockagramTests */ = {
			isa = PBXGroup;
			children = (
				A2D6C16122D3F667001EB5D1 /* mockagramTests.m */,
				A2D6C16322D3F667001EB5D1 /* Info.plist */,
			);
			path = mockagramTests;
			sourceTree = "<group>";
		};
		A2D6C16B22D3F667001EB5D1 /* mockagramUITests */ = {
			isa = PBXGroup;
			children = (
				A2D6C16C22D3F667001EB5D1 /* mockagramUITests.m */,
				A2D6C16E22D3F667001EB5D1 /* Info.plist */,
			);
			path = mockagramUITests;
			sourceTree = "<group>";
		};
		A2D6C17A22D41833001EB5D1 /* View Controllers */ = {
			isa = PBXGroup;
			children = (
				A2D6C17C22D4184F001EB5D1 /* LoginViewController.h */,
				A2D6C17D22D4184F001EB5D1 /* LoginViewController.m */,
				A2D6C17F22D41948001EB5D1 /* NewAccountViewController.h */,
				A2D6C18022D41948001EB5D1 /* NewAccountViewController.m */,
				A2D6C18222D41B54001EB5D1 /* FeedViewController.h */,
				A2D6C18322D41B54001EB5D1 /* FeedViewController.m */,
			);
			path = "View Controllers";
			sourceTree = "<group>";
		};
		A2D6C17B22D4183A001EB5D1 /* Views */ = {
			isa = PBXGroup;
			children = (
			);
			path = Views;
			sourceTree = "<group>";
		};
		A72C7789975DF445B99314B9 /* Pods */ = {
			isa = PBXGroup;
			children = (
				F6A90444B67BBD7ECDC9A071 /* Pods-mockagram.debug.xcconfig */,
				855FB0CC8D8EE99FB7691916 /* Pods-mockagram.release.xcconfig */,
				EDFCAD55FBEDBB28B4DE9B11 /* Pods-mockagramTests.debug.xcconfig */,
				F64343A4ECC917251B207997 /* Pods-mockagramTests.release.xcconfig */,
				8391628737F370B27E2837E2 /* Pods-mockagramUITests.debug.xcconfig */,
				A5A803CB7C2BA6D4569463A7 /* Pods-mockagramUITests.release.xcconfig */,
			);
			path = Pods;
			sourceTree = "<group>";
		};
		BC3DBAD74742F9F6726311B2 /* Frameworks */ = {
			isa = PBXGroup;
			children = (
				AA0C923FD223BD14DD0A975C /* Pods_mockagram.framework */,
				0057BA9A46B9F35CD0AC9876 /* Pods_mockagramTests.framework */,
				968D7A2060A68EC17F6CF607 /* Pods_mockagramUITests.framework */,
			);
			name = Frameworks;
			sourceTree = "<group>";
		};
/* End PBXGroup section */

/* Begin PBXNativeTarget section */
		A2D6C14422D3F666001EB5D1 /* mockagram */ = {
			isa = PBXNativeTarget;
			buildConfigurationList = A2D6C17122D3F667001EB5D1 /* Build configuration list for PBXNativeTarget "mockagram" */;
			buildPhases = (
				C733D86A580BAB5DD1F2269B /* [CP] Check Pods Manifest.lock */,
				A2D6C14122D3F666001EB5D1 /* Sources */,
				A2D6C14222D3F666001EB5D1 /* Frameworks */,
				A2D6C14322D3F666001EB5D1 /* Resources */,
				507939E669651B7E48C3AE9C /* [CP] Embed Pods Frameworks */,
			);
			buildRules = (
			);
			dependencies = (
			);
			name = mockagram;
			productName = mockagram;
			productReference = A2D6C14522D3F666001EB5D1 /* mockagram.app */;
			productType = "com.apple.product-type.application";
		};
		A2D6C15C22D3F667001EB5D1 /* mockagramTests */ = {
			isa = PBXNativeTarget;
			buildConfigurationList = A2D6C17422D3F667001EB5D1 /* Build configuration list for PBXNativeTarget "mockagramTests" */;
			buildPhases = (
				A906DE813326E36C1EC86997 /* [CP] Check Pods Manifest.lock */,
				A2D6C15922D3F667001EB5D1 /* Sources */,
				A2D6C15A22D3F667001EB5D1 /* Frameworks */,
				A2D6C15B22D3F667001EB5D1 /* Resources */,
			);
			buildRules = (
			);
			dependencies = (
				A2D6C15F22D3F667001EB5D1 /* PBXTargetDependency */,
			);
			name = mockagramTests;
			productName = mockagramTests;
			productReference = A2D6C15D22D3F667001EB5D1 /* mockagramTests.xctest */;
			productType = "com.apple.product-type.bundle.unit-test";
		};
		A2D6C16722D3F667001EB5D1 /* mockagramUITests */ = {
			isa = PBXNativeTarget;
			buildConfigurationList = A2D6C17722D3F667001EB5D1 /* Build configuration list for PBXNativeTarget "mockagramUITests" */;
			buildPhases = (
				282C8EB38F92D1D85BC9FFC7 /* [CP] Check Pods Manifest.lock */,
				A2D6C16422D3F667001EB5D1 /* Sources */,
				A2D6C16522D3F667001EB5D1 /* Frameworks */,
				A2D6C16622D3F667001EB5D1 /* Resources */,
			);
			buildRules = (
			);
			dependencies = (
				A2D6C16A22D3F667001EB5D1 /* PBXTargetDependency */,
			);
			name = mockagramUITests;
			productName = mockagramUITests;
			productReference = A2D6C16822D3F667001EB5D1 /* mockagramUITests.xctest */;
			productType = "com.apple.product-type.bundle.ui-testing";
		};
/* End PBXNativeTarget section */

/* Begin PBXProject section */
		A2D6C13D22D3F666001EB5D1 /* Project object */ = {
			isa = PBXProject;
			attributes = {
				LastUpgradeCheck = 1020;
				ORGANIZATIONNAME = juliapark628;
				TargetAttributes = {
					A2D6C14422D3F666001EB5D1 = {
						CreatedOnToolsVersion = 10.2.1;
					};
					A2D6C15C22D3F667001EB5D1 = {
						CreatedOnToolsVersion = 10.2.1;
						TestTargetID = A2D6C14422D3F666001EB5D1;
					};
					A2D6C16722D3F667001EB5D1 = {
						CreatedOnToolsVersion = 10.2.1;
						TestTargetID = A2D6C14422D3F666001EB5D1;
					};
				};
			};
			buildConfigurationList = A2D6C14022D3F666001EB5D1 /* Build configuration list for PBXProject "mockagram" */;
			compatibilityVersion = "Xcode 9.3";
			developmentRegion = en;
			hasScannedForEncodings = 0;
			knownRegions = (
				en,
				Base,
			);
			mainGroup = A2D6C13C22D3F666001EB5D1;
			productRefGroup = A2D6C14622D3F666001EB5D1 /* Products */;
			projectDirPath = "";
			projectRoot = "";
			targets = (
				A2D6C14422D3F666001EB5D1 /* mockagram */,
				A2D6C15C22D3F667001EB5D1 /* mockagramTests */,
				A2D6C16722D3F667001EB5D1 /* mockagramUITests */,
			);
		};
/* End PBXProject section */

/* Begin PBXResourcesBuildPhase section */
		A2D6C14322D3F666001EB5D1 /* Resources */ = {
			isa = PBXResourcesBuildPhase;
			buildActionMask = 2147483647;
			files = (
				A2D6C15522D3F667001EB5D1 /* LaunchScreen.storyboard in Resources */,
				A2D6C15222D3F667001EB5D1 /* Assets.xcassets in Resources */,
				A2D6C15022D3F666001EB5D1 /* Main.storyboard in Resources */,
			);
			runOnlyForDeploymentPostprocessing = 0;
		};
		A2D6C15B22D3F667001EB5D1 /* Resources */ = {
			isa = PBXResourcesBuildPhase;
			buildActionMask = 2147483647;
			files = (
			);
			runOnlyForDeploymentPostprocessing = 0;
		};
		A2D6C16622D3F667001EB5D1 /* Resources */ = {
			isa = PBXResourcesBuildPhase;
			buildActionMask = 2147483647;
			files = (
			);
			runOnlyForDeploymentPostprocessing = 0;
		};
/* End PBXResourcesBuildPhase section */

/* Begin PBXShellScriptBuildPhase section */
		282C8EB38F92D1D85BC9FFC7 /* [CP] Check Pods Manifest.lock */ = {
			isa = PBXShellScriptBuildPhase;
			buildActionMask = 2147483647;
			files = (
			);
			inputFileListPaths = (
			);
			inputPaths = (
				"${PODS_PODFILE_DIR_PATH}/Podfile.lock",
				"${PODS_ROOT}/Manifest.lock",
			);
			name = "[CP] Check Pods Manifest.lock";
			outputFileListPaths = (
			);
			outputPaths = (
				"$(DERIVED_FILE_DIR)/Pods-mockagramUITests-checkManifestLockResult.txt",
			);
			runOnlyForDeploymentPostprocessing = 0;
			shellPath = /bin/sh;
			shellScript = "diff \"${PODS_PODFILE_DIR_PATH}/Podfile.lock\" \"${PODS_ROOT}/Manifest.lock\" > /dev/null\nif [ $? != 0 ] ; then\n    # print error to STDERR\n    echo \"error: The sandbox is not in sync with the Podfile.lock. Run 'pod install' or update your CocoaPods installation.\" >&2\n    exit 1\nfi\n# This output is used by Xcode 'outputs' to avoid re-running this script phase.\necho \"SUCCESS\" > \"${SCRIPT_OUTPUT_FILE_0}\"\n";
			showEnvVarsInLog = 0;
		};
		507939E669651B7E48C3AE9C /* [CP] Embed Pods Frameworks */ = {
			isa = PBXShellScriptBuildPhase;
			buildActionMask = 2147483647;
			files = (
			);
			inputFileListPaths = (
				"${PODS_ROOT}/Target Support Files/Pods-mockagram/Pods-mockagram-frameworks-${CONFIGURATION}-input-files.xcfilelist",
			);
			name = "[CP] Embed Pods Frameworks";
			outputFileListPaths = (
				"${PODS_ROOT}/Target Support Files/Pods-mockagram/Pods-mockagram-frameworks-${CONFIGURATION}-output-files.xcfilelist",
			);
			runOnlyForDeploymentPostprocessing = 0;
			shellPath = /bin/sh;
			shellScript = "\"${PODS_ROOT}/Target Support Files/Pods-mockagram/Pods-mockagram-frameworks.sh\"\n";
			showEnvVarsInLog = 0;
		};
		A906DE813326E36C1EC86997 /* [CP] Check Pods Manifest.lock */ = {
			isa = PBXShellScriptBuildPhase;
			buildActionMask = 2147483647;
			files = (
			);
			inputFileListPaths = (
			);
			inputPaths = (
				"${PODS_PODFILE_DIR_PATH}/Podfile.lock",
				"${PODS_ROOT}/Manifest.lock",
			);
			name = "[CP] Check Pods Manifest.lock";
			outputFileListPaths = (
			);
			outputPaths = (
				"$(DERIVED_FILE_DIR)/Pods-mockagramTests-checkManifestLockResult.txt",
			);
			runOnlyForDeploymentPostprocessing = 0;
			shellPath = /bin/sh;
			shellScript = "diff \"${PODS_PODFILE_DIR_PATH}/Podfile.lock\" \"${PODS_ROOT}/Manifest.lock\" > /dev/null\nif [ $? != 0 ] ; then\n    # print error to STDERR\n    echo \"error: The sandbox is not in sync with the Podfile.lock. Run 'pod install' or update your CocoaPods installation.\" >&2\n    exit 1\nfi\n# This output is used by Xcode 'outputs' to avoid re-running this script phase.\necho \"SUCCESS\" > \"${SCRIPT_OUTPUT_FILE_0}\"\n";
			showEnvVarsInLog = 0;
		};
		C733D86A580BAB5DD1F2269B /* [CP] Check Pods Manifest.lock */ = {
			isa = PBXShellScriptBuildPhase;
			buildActionMask = 2147483647;
			files = (
			);
			inputFileListPaths = (
			);
			inputPaths = (
				"${PODS_PODFILE_DIR_PATH}/Podfile.lock",
				"${PODS_ROOT}/Manifest.lock",
			);
			name = "[CP] Check Pods Manifest.lock";
			outputFileListPaths = (
			);
			outputPaths = (
				"$(DERIVED_FILE_DIR)/Pods-mockagram-checkManifestLockResult.txt",
			);
			runOnlyForDeploymentPostprocessing = 0;
			shellPath = /bin/sh;
			shellScript = "diff \"${PODS_PODFILE_DIR_PATH}/Podfile.lock\" \"${PODS_ROOT}/Manifest.lock\" > /dev/null\nif [ $? != 0 ] ; then\n    # print error to STDERR\n    echo \"error: The sandbox is not in sync with the Podfile.lock. Run 'pod install' or update your CocoaPods installation.\" >&2\n    exit 1\nfi\n# This output is used by Xcode 'outputs' to avoid re-running this script phase.\necho \"SUCCESS\" > \"${SCRIPT_OUTPUT_FILE_0}\"\n";
			showEnvVarsInLog = 0;
		};
/* End PBXShellScriptBuildPhase section */

/* Begin PBXSourcesBuildPhase section */
		A2D6C14122D3F666001EB5D1 /* Sources */ = {
			isa = PBXSourcesBuildPhase;
			buildActionMask = 2147483647;
			files = (
				A2D6C15822D3F667001EB5D1 /* main.m in Sources */,
				A2D6C18422D41B54001EB5D1 /* FeedViewController.m in Sources */,
				A2D6C14A22D3F666001EB5D1 /* AppDelegate.m in Sources */,
				A2D6C17E22D4184F001EB5D1 /* LoginViewController.m in Sources */,
				A2D6C18122D41948001EB5D1 /* NewAccountViewController.m in Sources */,
			);
			runOnlyForDeploymentPostprocessing = 0;
		};
		A2D6C15922D3F667001EB5D1 /* Sources */ = {
			isa = PBXSourcesBuildPhase;
			buildActionMask = 2147483647;
			files = (
				A2D6C16222D3F667001EB5D1 /* mockagramTests.m in Sources */,
			);
			runOnlyForDeploymentPostprocessing = 0;
		};
		A2D6C16422D3F667001EB5D1 /* Sources */ = {
			isa = PBXSourcesBuildPhase;
			buildActionMask = 2147483647;
			files = (
				A2D6C16D22D3F667001EB5D1 /* mockagramUITests.m in Sources */,
			);
			runOnlyForDeploymentPostprocessing = 0;
		};
/* End PBXSourcesBuildPhase section */

/* Begin PBXTargetDependency section */
		A2D6C15F22D3F667001EB5D1 /* PBXTargetDependency */ = {
			isa = PBXTargetDependency;
			target = A2D6C14422D3F666001EB5D1 /* mockagram */;
			targetProxy = A2D6C15E22D3F667001EB5D1 /* PBXContainerItemProxy */;
		};
		A2D6C16A22D3F667001EB5D1 /* PBXTargetDependency */ = {
			isa = PBXTargetDependency;
			target = A2D6C14422D3F666001EB5D1 /* mockagram */;
			targetProxy = A2D6C16922D3F667001EB5D1 /* PBXContainerItemProxy */;
		};
/* End PBXTargetDependency section */

/* Begin PBXVariantGroup section */
		A2D6C14E22D3F666001EB5D1 /* Main.storyboard */ = {
			isa = PBXVariantGroup;
			children = (
				A2D6C14F22D3F666001EB5D1 /* Base */,
			);
			name = Main.storyboard;
			sourceTree = "<group>";
		};
		A2D6C15322D3F667001EB5D1 /* LaunchScreen.storyboard */ = {
			isa = PBXVariantGroup;
			children = (
				A2D6C15422D3F667001EB5D1 /* Base */,
			);
			name = LaunchScreen.storyboard;
			sourceTree = "<group>";
		};
/* End PBXVariantGroup section */

/* Begin XCBuildConfiguration section */
		A2D6C16F22D3F667001EB5D1 /* Debug */ = {
			isa = XCBuildConfiguration;
			buildSettings = {
				ALWAYS_SEARCH_USER_PATHS = NO;
				CLANG_ANALYZER_NONNULL = YES;
				CLANG_ANALYZER_NUMBER_OBJECT_CONVERSION = YES_AGGRESSIVE;
				CLANG_CXX_LANGUAGE_STANDARD = "gnu++14";
				CLANG_CXX_LIBRARY = "libc++";
				CLANG_ENABLE_MODULES = YES;
				CLANG_ENABLE_OBJC_ARC = YES;
				CLANG_ENABLE_OBJC_WEAK = YES;
				CLANG_WARN_BLOCK_CAPTURE_AUTORELEASING = YES;
				CLANG_WARN_BOOL_CONVERSION = YES;
				CLANG_WARN_COMMA = YES;
				CLANG_WARN_CONSTANT_CONVERSION = YES;
				CLANG_WARN_DEPRECATED_OBJC_IMPLEMENTATIONS = YES;
				CLANG_WARN_DIRECT_OBJC_ISA_USAGE = YES_ERROR;
				CLANG_WARN_DOCUMENTATION_COMMENTS = YES;
				CLANG_WARN_EMPTY_BODY = YES;
				CLANG_WARN_ENUM_CONVERSION = YES;
				CLANG_WARN_INFINITE_RECURSION = YES;
				CLANG_WARN_INT_CONVERSION = YES;
				CLANG_WARN_NON_LITERAL_NULL_CONVERSION = YES;
				CLANG_WARN_OBJC_IMPLICIT_RETAIN_SELF = YES;
				CLANG_WARN_OBJC_LITERAL_CONVERSION = YES;
				CLANG_WARN_OBJC_ROOT_CLASS = YES_ERROR;
				CLANG_WARN_RANGE_LOOP_ANALYSIS = YES;
				CLANG_WARN_STRICT_PROTOTYPES = YES;
				CLANG_WARN_SUSPICIOUS_MOVE = YES;
				CLANG_WARN_UNGUARDED_AVAILABILITY = YES_AGGRESSIVE;
				CLANG_WARN_UNREACHABLE_CODE = YES;
				CLANG_WARN__DUPLICATE_METHOD_MATCH = YES;
				CODE_SIGN_IDENTITY = "iPhone Developer";
				COPY_PHASE_STRIP = NO;
				DEBUG_INFORMATION_FORMAT = dwarf;
				ENABLE_STRICT_OBJC_MSGSEND = YES;
				ENABLE_TESTABILITY = YES;
				GCC_C_LANGUAGE_STANDARD = gnu11;
				GCC_DYNAMIC_NO_PIC = NO;
				GCC_NO_COMMON_BLOCKS = YES;
				GCC_OPTIMIZATION_LEVEL = 0;
				GCC_PREPROCESSOR_DEFINITIONS = (
					"DEBUG=1",
					"$(inherited)",
				);
				GCC_WARN_64_TO_32_BIT_CONVERSION = YES;
				GCC_WARN_ABOUT_RETURN_TYPE = YES_ERROR;
				GCC_WARN_UNDECLARED_SELECTOR = YES;
				GCC_WARN_UNINITIALIZED_AUTOS = YES_AGGRESSIVE;
				GCC_WARN_UNUSED_FUNCTION = YES;
				GCC_WARN_UNUSED_VARIABLE = YES;
				IPHONEOS_DEPLOYMENT_TARGET = 12.2;
				MTL_ENABLE_DEBUG_INFO = INCLUDE_SOURCE;
				MTL_FAST_MATH = YES;
				ONLY_ACTIVE_ARCH = YES;
				SDKROOT = iphoneos;
			};
			name = Debug;
		};
		A2D6C17022D3F667001EB5D1 /* Release */ = {
			isa = XCBuildConfiguration;
			buildSettings = {
				ALWAYS_SEARCH_USER_PATHS = NO;
				CLANG_ANALYZER_NONNULL = YES;
				CLANG_ANALYZER_NUMBER_OBJECT_CONVERSION = YES_AGGRESSIVE;
				CLANG_CXX_LANGUAGE_STANDARD = "gnu++14";
				CLANG_CXX_LIBRARY = "libc++";
				CLANG_ENABLE_MODULES = YES;
				CLANG_ENABLE_OBJC_ARC = YES;
				CLANG_ENABLE_OBJC_WEAK = YES;
				CLANG_WARN_BLOCK_CAPTURE_AUTORELEASING = YES;
				CLANG_WARN_BOOL_CONVERSION = YES;
				CLANG_WARN_COMMA = YES;
				CLANG_WARN_CONSTANT_CONVERSION = YES;
				CLANG_WARN_DEPRECATED_OBJC_IMPLEMENTATIONS = YES;
				CLANG_WARN_DIRECT_OBJC_ISA_USAGE = YES_ERROR;
				CLANG_WARN_DOCUMENTATION_COMMENTS = YES;
				CLANG_WARN_EMPTY_BODY = YES;
				CLANG_WARN_ENUM_CONVERSION = YES;
				CLANG_WARN_INFINITE_RECURSION = YES;
				CLANG_WARN_INT_CONVERSION = YES;
				CLANG_WARN_NON_LITERAL_NULL_CONVERSION = YES;
				CLANG_WARN_OBJC_IMPLICIT_RETAIN_SELF = YES;
				CLANG_WARN_OBJC_LITERAL_CONVERSION = YES;
				CLANG_WARN_OBJC_ROOT_CLASS = YES_ERROR;
				CLANG_WARN_RANGE_LOOP_ANALYSIS = YES;
				CLANG_WARN_STRICT_PROTOTYPES = YES;
				CLANG_WARN_SUSPICIOUS_MOVE = YES;
				CLANG_WARN_UNGUARDED_AVAILABILITY = YES_AGGRESSIVE;
				CLANG_WARN_UNREACHABLE_CODE = YES;
				CLANG_WARN__DUPLICATE_METHOD_MATCH = YES;
				CODE_SIGN_IDENTITY = "iPhone Developer";
				COPY_PHASE_STRIP = NO;
				DEBUG_INFORMATION_FORMAT = "dwarf-with-dsym";
				ENABLE_NS_ASSERTIONS = NO;
				ENABLE_STRICT_OBJC_MSGSEND = YES;
				GCC_C_LANGUAGE_STANDARD = gnu11;
				GCC_NO_COMMON_BLOCKS = YES;
				GCC_WARN_64_TO_32_BIT_CONVERSION = YES;
				GCC_WARN_ABOUT_RETURN_TYPE = YES_ERROR;
				GCC_WARN_UNDECLARED_SELECTOR = YES;
				GCC_WARN_UNINITIALIZED_AUTOS = YES_AGGRESSIVE;
				GCC_WARN_UNUSED_FUNCTION = YES;
				GCC_WARN_UNUSED_VARIABLE = YES;
				IPHONEOS_DEPLOYMENT_TARGET = 12.2;
				MTL_ENABLE_DEBUG_INFO = NO;
				MTL_FAST_MATH = YES;
				SDKROOT = iphoneos;
				VALIDATE_PRODUCT = YES;
			};
			name = Release;
		};
		A2D6C17222D3F667001EB5D1 /* Debug */ = {
			isa = XCBuildConfiguration;
			baseConfigurationReference = F6A90444B67BBD7ECDC9A071 /* Pods-mockagram.debug.xcconfig */;
			buildSettings = {
				ASSETCATALOG_COMPILER_APPICON_NAME = AppIcon;
				CODE_SIGN_STYLE = Automatic;
				DEVELOPMENT_TEAM = Q2PU6GNQZR;
				INFOPLIST_FILE = mockagram/Info.plist;
				LD_RUNPATH_SEARCH_PATHS = (
					"$(inherited)",
					"@executable_path/Frameworks",
				);
				PRODUCT_BUNDLE_IDENTIFIER = com.juliapark628.mockagram;
				PRODUCT_NAME = "$(TARGET_NAME)";
				TARGETED_DEVICE_FAMILY = "1,2";
			};
			name = Debug;
		};
		A2D6C17322D3F667001EB5D1 /* Release */ = {
			isa = XCBuildConfiguration;
			baseConfigurationReference = 855FB0CC8D8EE99FB7691916 /* Pods-mockagram.release.xcconfig */;
			buildSettings = {
				ASSETCATALOG_COMPILER_APPICON_NAME = AppIcon;
				CODE_SIGN_STYLE = Automatic;
				DEVELOPMENT_TEAM = Q2PU6GNQZR;
				INFOPLIST_FILE = mockagram/Info.plist;
				LD_RUNPATH_SEARCH_PATHS = (
					"$(inherited)",
					"@executable_path/Frameworks",
				);
				PRODUCT_BUNDLE_IDENTIFIER = com.juliapark628.mockagram;
				PRODUCT_NAME = "$(TARGET_NAME)";
				TARGETED_DEVICE_FAMILY = "1,2";
			};
			name = Release;
		};
		A2D6C17522D3F667001EB5D1 /* Debug */ = {
			isa = XCBuildConfiguration;
			baseConfigurationReference = EDFCAD55FBEDBB28B4DE9B11 /* Pods-mockagramTests.debug.xcconfig */;
			buildSettings = {
				BUNDLE_LOADER = "$(TEST_HOST)";
				CODE_SIGN_STYLE = Automatic;
				INFOPLIST_FILE = mockagramTests/Info.plist;
				LD_RUNPATH_SEARCH_PATHS = (
					"$(inherited)",
					"@executable_path/Frameworks",
					"@loader_path/Frameworks",
				);
				PRODUCT_BUNDLE_IDENTIFIER = com.juliapark628.mockagramTests;
				PRODUCT_NAME = "$(TARGET_NAME)";
				TARGETED_DEVICE_FAMILY = "1,2";
				TEST_HOST = "$(BUILT_PRODUCTS_DIR)/mockagram.app/mockagram";
			};
			name = Debug;
		};
		A2D6C17622D3F667001EB5D1 /* Release */ = {
			isa = XCBuildConfiguration;
			baseConfigurationReference = F64343A4ECC917251B207997 /* Pods-mockagramTests.release.xcconfig */;
			buildSettings = {
				BUNDLE_LOADER = "$(TEST_HOST)";
				CODE_SIGN_STYLE = Automatic;
				INFOPLIST_FILE = mockagramTests/Info.plist;
				LD_RUNPATH_SEARCH_PATHS = (
					"$(inherited)",
					"@executable_path/Frameworks",
					"@loader_path/Frameworks",
				);
				PRODUCT_BUNDLE_IDENTIFIER = com.juliapark628.mockagramTests;
				PRODUCT_NAME = "$(TARGET_NAME)";
				TARGETED_DEVICE_FAMILY = "1,2";
				TEST_HOST = "$(BUILT_PRODUCTS_DIR)/mockagram.app/mockagram";
			};
			name = Release;
		};
		A2D6C17822D3F667001EB5D1 /* Debug */ = {
			isa = XCBuildConfiguration;
			baseConfigurationReference = 8391628737F370B27E2837E2 /* Pods-mockagramUITests.debug.xcconfig */;
			buildSettings = {
				CODE_SIGN_STYLE = Automatic;
				INFOPLIST_FILE = mockagramUITests/Info.plist;
				LD_RUNPATH_SEARCH_PATHS = (
					"$(inherited)",
					"@executable_path/Frameworks",
					"@loader_path/Frameworks",
				);
				PRODUCT_BUNDLE_IDENTIFIER = com.juliapark628.mockagramUITests;
				PRODUCT_NAME = "$(TARGET_NAME)";
				TARGETED_DEVICE_FAMILY = "1,2";
				TEST_TARGET_NAME = mockagram;
			};
			name = Debug;
		};
		A2D6C17922D3F667001EB5D1 /* Release */ = {
			isa = XCBuildConfiguration;
			baseConfigurationReference = A5A803CB7C2BA6D4569463A7 /* Pods-mockagramUITests.release.xcconfig */;
			buildSettings = {
				CODE_SIGN_STYLE = Automatic;
				INFOPLIST_FILE = mockagramUITests/Info.plist;
				LD_RUNPATH_SEARCH_PATHS = (
					"$(inherited)",
					"@executable_path/Frameworks",
					"@loader_path/Frameworks",
				);
				PRODUCT_BUNDLE_IDENTIFIER = com.juliapark628.mockagramUITests;
				PRODUCT_NAME = "$(TARGET_NAME)";
				TARGETED_DEVICE_FAMILY = "1,2";
				TEST_TARGET_NAME = mockagram;
			};
			name = Release;
		};
/* End XCBuildConfiguration section */

/* Begin XCConfigurationList section */
		A2D6C14022D3F666001EB5D1 /* Build configuration list for PBXProject "mockagram" */ = {
			isa = XCConfigurationList;
			buildConfigurations = (
				A2D6C16F22D3F667001EB5D1 /* Debug */,
				A2D6C17022D3F667001EB5D1 /* Release */,
			);
			defaultConfigurationIsVisible = 0;
			defaultConfigurationName = Release;
		};
		A2D6C17122D3F667001EB5D1 /* Build configuration list for PBXNativeTarget "mockagram" */ = {
			isa = XCConfigurationList;
			buildConfigurations = (
				A2D6C17222D3F667001EB5D1 /* Debug */,
				A2D6C17322D3F667001EB5D1 /* Release */,
			);
			defaultConfigurationIsVisible = 0;
			defaultConfigurationName = Release;
		};
		A2D6C17422D3F667001EB5D1 /* Build configuration list for PBXNativeTarget "mockagramTests" */ = {
			isa = XCConfigurationList;
			buildConfigurations = (
				A2D6C17522D3F667001EB5D1 /* Debug */,
				A2D6C17622D3F667001EB5D1 /* Release */,
			);
			defaultConfigurationIsVisible = 0;
			defaultConfigurationName = Release;
		};
		A2D6C17722D3F667001EB5D1 /* Build configuration list for PBXNativeTarget "mockagramUITests" */ = {
			isa = XCConfigurationList;
			buildConfigurations = (
				A2D6C17822D3F667001EB5D1 /* Debug */,
				A2D6C17922D3F667001EB5D1 /* Release */,
			);
			defaultConfigurationIsVisible = 0;
			defaultConfigurationName = Release;
		};
/* End XCConfigurationList section */
	};
	rootObject = A2D6C13D22D3F666001EB5D1 /* Project object */;
}
